// !$*UTF8*$!
{
	archiveVersion = 1;
	classes = {
	};
	objectVersion = 46;
	objects = {

/* Begin PBXBuildFile section */
		1B08AF1B1E79026300CD496C /* bitmap.cpp in Sources */ = {isa = PBXBuildFile; fileRef = 1B08AF191E79026300CD496C /* bitmap.cpp */; };
		1B08AF1E1E7911B200CD496C /* packer.cpp in Sources */ = {isa = PBXBuildFile; fileRef = 1B08AF1C1E7911B200CD496C /* packer.cpp */; };
		1B761F8C1E78ECBE00E2E4FC /* GuillotineBinPack.cpp in Sources */ = {isa = PBXBuildFile; fileRef = 1B761F861E78ECBE00E2E4FC /* GuillotineBinPack.cpp */; };
		1B761F8D1E78ECBE00E2E4FC /* MaxRectsBinPack.cpp in Sources */ = {isa = PBXBuildFile; fileRef = 1B761F881E78ECBE00E2E4FC /* MaxRectsBinPack.cpp */; };
		1B761F8E1E78ECBE00E2E4FC /* Rect.cpp in Sources */ = {isa = PBXBuildFile; fileRef = 1B761F8A1E78ECBE00E2E4FC /* Rect.cpp */; };
		1BD1CE521E78EC44009C02A2 /* main.cpp in Sources */ = {isa = PBXBuildFile; fileRef = 1BD1CE511E78EC44009C02A2 /* main.cpp */; };
		1BD766C51E79241600523C03 /* lodepng.cpp in Sources */ = {isa = PBXBuildFile; fileRef = 1BD766C31E79241600523C03 /* lodepng.cpp */; };
		1BD766CA1E79C94900523C03 /* binary.cpp in Sources */ = {isa = PBXBuildFile; fileRef = 1BD766C81E79C94900523C03 /* binary.cpp */; };
		1BD766CD1E79FB5500523C03 /* hash.cpp in Sources */ = {isa = PBXBuildFile; fileRef = 1BD766CB1E79FB5500523C03 /* hash.cpp */; };
		1BD766D01E79FBFD00523C03 /* str.cpp in Sources */ = {isa = PBXBuildFile; fileRef = 1BD766CE1E79FBFD00523C03 /* str.cpp */; };
/* End PBXBuildFile section */

/* Begin PBXCopyFilesBuildPhase section */
		1BD1CE4C1E78EC44009C02A2 /* CopyFiles */ = {
			isa = PBXCopyFilesBuildPhase;
			buildActionMask = 2147483647;
			dstPath = /usr/share/man/man1/;
			dstSubfolderSpec = 0;
			files = (
			);
			runOnlyForDeploymentPostprocessing = 1;
		};
/* End PBXCopyFilesBuildPhase section */

/* Begin PBXFileReference section */
		1B08AF181E78F91700CD496C /* tinydir.h */ = {isa = PBXFileReference; lastKnownFileType = sourcecode.c.h; path = tinydir.h; sourceTree = "<group>"; };
		1B08AF191E79026300CD496C /* bitmap.cpp */ = {isa = PBXFileReference; fileEncoding = 4; lastKnownFileType = sourcecode.cpp.cpp; path = bitmap.cpp; sourceTree = "<group>"; };
		1B08AF1A1E79026300CD496C /* bitmap.hpp */ = {isa = PBXFileReference; fileEncoding = 4; lastKnownFileType = sourcecode.cpp.h; path = bitmap.hpp; sourceTree = "<group>"; };
		1B08AF1C1E7911B200CD496C /* packer.cpp */ = {isa = PBXFileReference; fileEncoding = 4; lastKnownFileType = sourcecode.cpp.cpp; path = packer.cpp; sourceTree = "<group>"; };
		1B08AF1D1E7911B200CD496C /* packer.hpp */ = {isa = PBXFileReference; fileEncoding = 4; lastKnownFileType = sourcecode.cpp.h; path = packer.hpp; sourceTree = "<group>"; };
		1B761F861E78ECBE00E2E4FC /* GuillotineBinPack.cpp */ = {isa = PBXFileReference; fileEncoding = 4; lastKnownFileType = sourcecode.cpp.cpp; path = GuillotineBinPack.cpp; sourceTree = "<group>"; };
		1B761F871E78ECBE00E2E4FC /* GuillotineBinPack.h */ = {isa = PBXFileReference; fileEncoding = 4; lastKnownFileType = sourcecode.c.h; path = GuillotineBinPack.h; sourceTree = "<group>"; };
		1B761F881E78ECBE00E2E4FC /* MaxRectsBinPack.cpp */ = {isa = PBXFileReference; fileEncoding = 4; lastKnownFileType = sourcecode.cpp.cpp; path = MaxRectsBinPack.cpp; sourceTree = "<group>"; };
		1B761F891E78ECBE00E2E4FC /* MaxRectsBinPack.h */ = {isa = PBXFileReference; fileEncoding = 4; lastKnownFileType = sourcecode.c.h; path = MaxRectsBinPack.h; sourceTree = "<group>"; };
		1B761F8A1E78ECBE00E2E4FC /* Rect.cpp */ = {isa = PBXFileReference; fileEncoding = 4; lastKnownFileType = sourcecode.cpp.cpp; path = Rect.cpp; sourceTree = "<group>"; };
		1B761F8B1E78ECBE00E2E4FC /* Rect.h */ = {isa = PBXFileReference; fileEncoding = 4; lastKnownFileType = sourcecode.c.h; path = Rect.h; sourceTree = "<group>"; };
		1BD1CE4E1E78EC44009C02A2 /* crunch */ = {isa = PBXFileReference; explicitFileType = "compiled.mach-o.executable"; includeInIndex = 0; path = crunch; sourceTree = BUILT_PRODUCTS_DIR; };
		1BD1CE511E78EC44009C02A2 /* main.cpp */ = {isa = PBXFileReference; lastKnownFileType = sourcecode.cpp.cpp; path = main.cpp; sourceTree = "<group>"; };
		1BD766C31E79241600523C03 /* lodepng.cpp */ = {isa = PBXFileReference; fileEncoding = 4; lastKnownFileType = sourcecode.cpp.cpp; path = lodepng.cpp; sourceTree = "<group>"; };
		1BD766C41E79241600523C03 /* lodepng.h */ = {isa = PBXFileReference; fileEncoding = 4; lastKnownFileType = sourcecode.c.h; path = lodepng.h; sourceTree = "<group>"; };
		1BD766C81E79C94900523C03 /* binary.cpp */ = {isa = PBXFileReference; fileEncoding = 4; lastKnownFileType = sourcecode.cpp.cpp; path = binary.cpp; sourceTree = "<group>"; };
		1BD766C91E79C94900523C03 /* binary.hpp */ = {isa = PBXFileReference; fileEncoding = 4; lastKnownFileType = sourcecode.cpp.h; path = binary.hpp; sourceTree = "<group>"; };
		1BD766CB1E79FB5500523C03 /* hash.cpp */ = {isa = PBXFileReference; fileEncoding = 4; lastKnownFileType = sourcecode.cpp.cpp; path = hash.cpp; sourceTree = "<group>"; };
		1BD766CC1E79FB5500523C03 /* hash.hpp */ = {isa = PBXFileReference; fileEncoding = 4; lastKnownFileType = sourcecode.cpp.h; path = hash.hpp; sourceTree = "<group>"; };
		1BD766CE1E79FBFD00523C03 /* str.cpp */ = {isa = PBXFileReference; fileEncoding = 4; lastKnownFileType = sourcecode.cpp.cpp; path = str.cpp; sourceTree = "<group>"; };
		1BD766CF1E79FBFD00523C03 /* str.hpp */ = {isa = PBXFileReference; fileEncoding = 4; lastKnownFileType = sourcecode.cpp.h; path = str.hpp; sourceTree = "<group>"; };
/* End PBXFileReference section */

/* Begin PBXFrameworksBuildPhase section */
		1BD1CE4B1E78EC44009C02A2 /* Frameworks */ = {
			isa = PBXFrameworksBuildPhase;
			buildActionMask = 2147483647;
			files = (
			);
			runOnlyForDeploymentPostprocessing = 0;
		};
/* End PBXFrameworksBuildPhase section */

/* Begin PBXGroup section */
		1BD1CE451E78EC44009C02A2 = {
			isa = PBXGroup;
			children = (
				1BD1CE501E78EC44009C02A2 /* crunch */,
				1BD1CE4F1E78EC44009C02A2 /* Products */,
			);
			sourceTree = "<group>";
		};
		1BD1CE4F1E78EC44009C02A2 /* Products */ = {
			isa = PBXGroup;
			children = (
				1BD1CE4E1E78EC44009C02A2 /* crunch */,
			);
			name = Products;
			sourceTree = "<group>";
		};
		1BD1CE501E78EC44009C02A2 /* crunch */ = {
			isa = PBXGroup;
			children = (
				1BD1CE511E78EC44009C02A2 /* main.cpp */,
				1B761F861E78ECBE00E2E4FC /* GuillotineBinPack.cpp */,
				1B761F871E78ECBE00E2E4FC /* GuillotineBinPack.h */,
				1BD766C31E79241600523C03 /* lodepng.cpp */,
				1BD766C41E79241600523C03 /* lodepng.h */,
				1B761F881E78ECBE00E2E4FC /* MaxRectsBinPack.cpp */,
				1B761F891E78ECBE00E2E4FC /* MaxRectsBinPack.h */,
				1B761F8A1E78ECBE00E2E4FC /* Rect.cpp */,
				1B761F8B1E78ECBE00E2E4FC /* Rect.h */,
				1B08AF181E78F91700CD496C /* tinydir.h */,
				1B08AF191E79026300CD496C /* bitmap.cpp */,
				1B08AF1A1E79026300CD496C /* bitmap.hpp */,
				1B08AF1C1E7911B200CD496C /* packer.cpp */,
				1B08AF1D1E7911B200CD496C /* packer.hpp */,
				1BD766C81E79C94900523C03 /* binary.cpp */,
				1BD766C91E79C94900523C03 /* binary.hpp */,
				1BD766CB1E79FB5500523C03 /* hash.cpp */,
				1BD766CC1E79FB5500523C03 /* hash.hpp */,
				1BD766CE1E79FBFD00523C03 /* str.cpp */,
				1BD766CF1E79FBFD00523C03 /* str.hpp */,
			);
			path = crunch;
			sourceTree = "<group>";
		};
/* End PBXGroup section */

/* Begin PBXNativeTarget section */
		1BD1CE4D1E78EC44009C02A2 /* crunch */ = {
			isa = PBXNativeTarget;
			buildConfigurationList = 1BD1CE551E78EC44009C02A2 /* Build configuration list for PBXNativeTarget "crunch" */;
			buildPhases = (
				1BD1CE4A1E78EC44009C02A2 /* Sources */,
				1BD1CE4B1E78EC44009C02A2 /* Frameworks */,
				1BD1CE4C1E78EC44009C02A2 /* CopyFiles */,
			);
			buildRules = (
			);
			dependencies = (
			);
			name = crunch;
			productName = crunch;
			productReference = 1BD1CE4E1E78EC44009C02A2 /* crunch */;
			productType = "com.apple.product-type.tool";
		};
/* End PBXNativeTarget section */

/* Begin PBXProject section */
		1BD1CE461E78EC44009C02A2 /* Project object */ = {
			isa = PBXProject;
			attributes = {
				LastUpgradeCheck = 0820;
				ORGANIZATIONNAME = "Chevy Ray Johnston";
				TargetAttributes = {
					1BD1CE4D1E78EC44009C02A2 = {
						CreatedOnToolsVersion = 8.2.1;
						ProvisioningStyle = Automatic;
					};
				};
			};
			buildConfigurationList = 1BD1CE491E78EC44009C02A2 /* Build configuration list for PBXProject "crunch" */;
			compatibilityVersion = "Xcode 3.2";
			developmentRegion = English;
			hasScannedForEncodings = 0;
			knownRegions = (
				en,
			);
			mainGroup = 1BD1CE451E78EC44009C02A2;
			productRefGroup = 1BD1CE4F1E78EC44009C02A2 /* Products */;
			projectDirPath = "";
			projectRoot = "";
			targets = (
				1BD1CE4D1E78EC44009C02A2 /* crunch */,
			);
		};
/* End PBXProject section */

/* Begin PBXSourcesBuildPhase section */
		1BD1CE4A1E78EC44009C02A2 /* Sources */ = {
			isa = PBXSourcesBuildPhase;
			buildActionMask = 2147483647;
			files = (
				1BD766CA1E79C94900523C03 /* binary.cpp in Sources */,
				1B761F8D1E78ECBE00E2E4FC /* MaxRectsBinPack.cpp in Sources */,
				1BD766CD1E79FB5500523C03 /* hash.cpp in Sources */,
				1B761F8C1E78ECBE00E2E4FC /* GuillotineBinPack.cpp in Sources */,
				1BD1CE521E78EC44009C02A2 /* main.cpp in Sources */,
				1B08AF1B1E79026300CD496C /* bitmap.cpp in Sources */,
				1BD766C51E79241600523C03 /* lodepng.cpp in Sources */,
				1B761F8E1E78ECBE00E2E4FC /* Rect.cpp in Sources */,
				1B08AF1E1E7911B200CD496C /* packer.cpp in Sources */,
				1BD766D01E79FBFD00523C03 /* str.cpp in Sources */,
			);
			runOnlyForDeploymentPostprocessing = 0;
		};
/* End PBXSourcesBuildPhase section */

/* Begin XCBuildConfiguration section */
		1BD1CE531E78EC44009C02A2 /* Debug */ = {
			isa = XCBuildConfiguration;
			buildSettings = {
				ALWAYS_SEARCH_USER_PATHS = NO;
				CLANG_ANALYZER_NONNULL = YES;
				CLANG_CXX_LANGUAGE_STANDARD = "gnu++0x";
				CLANG_CXX_LIBRARY = "libc++";
				CLANG_ENABLE_MODULES = YES;
				CLANG_ENABLE_OBJC_ARC = YES;
				CLANG_WARN_BOOL_CONVERSION = YES;
				CLANG_WARN_CONSTANT_CONVERSION = YES;
				CLANG_WARN_DIRECT_OBJC_ISA_USAGE = YES_ERROR;
				CLANG_WARN_DOCUMENTATION_COMMENTS = YES;
				CLANG_WARN_EMPTY_BODY = YES;
				CLANG_WARN_ENUM_CONVERSION = YES;
				CLANG_WARN_INFINITE_RECURSION = YES;
				CLANG_WARN_INT_CONVERSION = YES;
				CLANG_WARN_OBJC_ROOT_CLASS = YES_ERROR;
				CLANG_WARN_SUSPICIOUS_MOVE = YES;
				CLANG_WARN_UNREACHABLE_CODE = YES;
				CLANG_WARN__DUPLICATE_METHOD_MATCH = YES;
				CODE_SIGN_IDENTITY = "-";
				COPY_PHASE_STRIP = NO;
				DEBUG_INFORMATION_FORMAT = dwarf;
				ENABLE_STRICT_OBJC_MSGSEND = YES;
				ENABLE_TESTABILITY = YES;
				GCC_C_LANGUAGE_STANDARD = gnu99;
				GCC_DYNAMIC_NO_PIC = NO;
				GCC_NO_COMMON_BLOCKS = YES;
				GCC_OPTIMIZATION_LEVEL = 0;
				GCC_PREPROCESSOR_DEFINITIONS = (
					"DEBUG=1",
					"$(inherited)",
				);
				GCC_WARN_64_TO_32_BIT_CONVERSION = YES;
				GCC_WARN_ABOUT_RETURN_TYPE = YES_ERROR;
				GCC_WARN_UNDECLARED_SELECTOR = YES;
				GCC_WARN_UNINITIALIZED_AUTOS = YES_AGGRESSIVE;
				GCC_WARN_UNUSED_FUNCTION = YES;
				GCC_WARN_UNUSED_VARIABLE = YES;
				MACOSX_DEPLOYMENT_TARGET = 10.12;
				MTL_ENABLE_DEBUG_INFO = YES;
				ONLY_ACTIVE_ARCH = YES;
				SDKROOT = macosx;
			};
			name = Debug;
		};
		1BD1CE541E78EC44009C02A2 /* Release */ = {
			isa = XCBuildConfiguration;
			buildSettings = {
				ALWAYS_SEARCH_USER_PATHS = NO;
				CLANG_ANALYZER_NONNULL = YES;
				CLANG_CXX_LANGUAGE_STANDARD = "gnu++0x";
				CLANG_CXX_LIBRARY = "libc++";
				CLANG_ENABLE_MODULES = YES;
				CLANG_ENABLE_OBJC_ARC = YES;
				CLANG_WARN_BOOL_CONVERSION = YES;
				CLANG_WARN_CONSTANT_CONVERSION = YES;
				CLANG_WARN_DIRECT_OBJC_ISA_USAGE = YES_ERROR;
				CLANG_WARN_DOCUMENTATION_COMMENTS = YES;
				CLANG_WARN_EMPTY_BODY = YES;
				CLANG_WARN_ENUM_CONVERSION = YES;
				CLANG_WARN_INFINITE_RECURSION = YES;
				CLANG_WARN_INT_CONVERSION = YES;
				CLANG_WARN_OBJC_ROOT_CLASS = YES_ERROR;
				CLANG_WARN_SUSPICIOUS_MOVE = YES;
				CLANG_WARN_UNREACHABLE_CODE = YES;
				CLANG_WARN__DUPLICATE_METHOD_MATCH = YES;
				CODE_SIGN_IDENTITY = "-";
				COPY_PHASE_STRIP = NO;
				DEBUG_INFORMATION_FORMAT = "dwarf-with-dsym";
				ENABLE_NS_ASSERTIONS = NO;
				ENABLE_STRICT_OBJC_MSGSEND = YES;
				GCC_C_LANGUAGE_STANDARD = gnu99;
				GCC_NO_COMMON_BLOCKS = YES;
				GCC_WARN_64_TO_32_BIT_CONVERSION = YES;
				GCC_WARN_ABOUT_RETURN_TYPE = YES_ERROR;
				GCC_WARN_UNDECLARED_SELECTOR = YES;
				GCC_WARN_UNINITIALIZED_AUTOS = YES_AGGRESSIVE;
				GCC_WARN_UNUSED_FUNCTION = YES;
				GCC_WARN_UNUSED_VARIABLE = YES;
				MACOSX_DEPLOYMENT_TARGET = 10.12;
				MTL_ENABLE_DEBUG_INFO = NO;
				SDKROOT = macosx;
			};
			name = Release;
		};
		1BD1CE561E78EC44009C02A2 /* Debug */ = {
			isa = XCBuildConfiguration;
			buildSettings = {
				PRODUCT_NAME = "$(TARGET_NAME)";
			};
			name = Debug;
		};
		1BD1CE571E78EC44009C02A2 /* Release */ = {
			isa = XCBuildConfiguration;
			buildSettings = {
				GCC_OPTIMIZATION_LEVEL = fast;
				PRODUCT_NAME = "$(TARGET_NAME)";
			};
			name = Release;
		};
/* End XCBuildConfiguration section */

/* Begin XCConfigurationList section */
		1BD1CE491E78EC44009C02A2 /* Build configuration list for PBXProject "crunch" */ = {
			isa = XCConfigurationList;
			buildConfigurations = (
				1BD1CE531E78EC44009C02A2 /* Debug */,
				1BD1CE541E78EC44009C02A2 /* Release */,
			);
			defaultConfigurationIsVisible = 0;
			defaultConfigurationName = Release;
		};
		1BD1CE551E78EC44009C02A2 /* Build configuration list for PBXNativeTarget "crunch" */ = {
			isa = XCConfigurationList;
			buildConfigurations = (
				1BD1CE561E78EC44009C02A2 /* Debug */,
				1BD1CE571E78EC44009C02A2 /* Release */,
			);
			defaultConfigurationIsVisible = 0;
			defaultConfigurationName = Release;
		};
/* End XCConfigurationList section */
	};
	rootObject = 1BD1CE461E78EC44009C02A2 /* Project object */;
}
